
Microsoft Visual Studio Solution File, Format Version 12.00
# Visual Studio Version 17
VisualStudioVersion = 17.6.33829.357
MinimumVisualStudioVersion = 10.0.40219.1
Project("{FAE04EC0-301F-11D3-BF4B-00C04F79EFBC}") = "LeisureReviewsAPI", "LeisureReviewsAPI\LeisureReviewsAPI.csproj", "{9B099DA5-7737-473F-BD47-227173893D91}"
EndProject
Global
	GlobalSection(SolutionConfigurationPlatforms) = preSolution
		Debug|Any CPU = Debug|Any CPU
		Release|Any CPU = Release|Any CPU
	EndGlobalSection
	GlobalSection(ProjectConfigurationPlatforms) = postSolution
		{9B099DA5-7737-473F-BD47-227173893D91}.Debug|Any CPU.ActiveCfg = Debug|Any CPU
		{9B099DA5-7737-473F-BD47-227173893D91}.Debug|Any CPU.Build.0 = Debug|Any CPU
		{9B099DA5-7737-473F-BD47-227173893D91}.Release|Any CPU.ActiveCfg = Release|Any CPU
		{9B099DA5-7737-473F-BD47-227173893D91}.Release|Any CPU.Build.0 = Release|Any CPU
	EndGlobalSection
	GlobalSection(SolutionProperties) = preSolution
		HideSolutionNode = FALSE
	EndGlobalSection
	GlobalSection(ExtensibilityGlobals) = postSolution
		SolutionGuid = {905C5288-2A15-467E-BDFC-2196B38033A5}
	EndGlobalSection
EndGlobal
